
Microsoft Visual Studio Solution File, Format Version 12.00
# Visual Studio Version 17
VisualStudioVersion = 17.4.33103.184
MinimumVisualStudioVersion = 10.0.40219.1
Project("{FAE04EC0-301F-11D3-BF4B-00C04F79EFBC}") = "repository_Pattern_API_demo", "repository_Pattern_API_demo\repository_Pattern_API_demo.csproj", "{EA96BA98-8420-4EFF-8140-D63F5E6228BB}"
EndProject
Global
	GlobalSection(SolutionConfigurationPlatforms) = preSolution
		Debug|Any CPU = Debug|Any CPU
		Release|Any CPU = Release|Any CPU
	EndGlobalSection
	GlobalSection(ProjectConfigurationPlatforms) = postSolution
		{EA96BA98-8420-4EFF-8140-D63F5E6228BB}.Debug|Any CPU.ActiveCfg = Debug|Any CPU
		{EA96BA98-8420-4EFF-8140-D63F5E6228BB}.Debug|Any CPU.Build.0 = Debug|Any CPU
		{EA96BA98-8420-4EFF-8140-D63F5E6228BB}.Release|Any CPU.ActiveCfg = Release|Any CPU
		{EA96BA98-8420-4EFF-8140-D63F5E6228BB}.Release|Any CPU.Build.0 = Release|Any CPU
	EndGlobalSection
	GlobalSection(SolutionProperties) = preSolution
		HideSolutionNode = FALSE
	EndGlobalSection
	GlobalSection(ExtensibilityGlobals) = postSolution
		SolutionGuid = {D27EFD59-CCE0-46D6-8EE0-3C070A7FA517}
	EndGlobalSection
EndGlobal
