
Microsoft Visual Studio Solution File, Format Version 12.00
# Visual Studio Version 17
VisualStudioVersion = 17.4.33103.184
MinimumVisualStudioVersion = 10.0.40219.1
Project("{FAE04EC0-301F-11D3-BF4B-00C04F79EFBC}") = "technology_api", "technology_api\technology_api.csproj", "{1B62D5CB-40FA-4CFA-93F3-67684D02F46B}"
EndProject
Global
	GlobalSection(SolutionConfigurationPlatforms) = preSolution
		Debug|Any CPU = Debug|Any CPU
		Release|Any CPU = Release|Any CPU
	EndGlobalSection
	GlobalSection(ProjectConfigurationPlatforms) = postSolution
		{1B62D5CB-40FA-4CFA-93F3-67684D02F46B}.Debug|Any CPU.ActiveCfg = Debug|Any CPU
		{1B62D5CB-40FA-4CFA-93F3-67684D02F46B}.Debug|Any CPU.Build.0 = Debug|Any CPU
		{1B62D5CB-40FA-4CFA-93F3-67684D02F46B}.Release|Any CPU.ActiveCfg = Release|Any CPU
		{1B62D5CB-40FA-4CFA-93F3-67684D02F46B}.Release|Any CPU.Build.0 = Release|Any CPU
	EndGlobalSection
	GlobalSection(SolutionProperties) = preSolution
		HideSolutionNode = FALSE
	EndGlobalSection
	GlobalSection(ExtensibilityGlobals) = postSolution
		SolutionGuid = {580376F4-E48E-461B-BAC2-F2B203DADEE5}
	EndGlobalSection
EndGlobal
